
Microsoft Visual Studio Solution File, Format Version 12.00
# Visual Studio Version 17
VisualStudioVersion = 17.2.32630.192
MinimumVisualStudioVersion = 10.0.40219.1
Project("{8BC9CEB8-8B4A-11D0-8D11-00A0C91BC942}") = "vector", "vector\vector.vcxproj", "{A55DC8C7-4F21-44F1-AE59-CA83ED40B0E1}"
EndProject
Project("{8BC9CEB8-8B4A-11D0-8D11-00A0C91BC942}") = "vector_tests", "vector\vector-tests\vector-tests.vcxproj", "{76E9047E-1C28-4D20-9784-224830709F02}"
EndProject
Project("{8BC9CEB8-8B4A-11D0-8D11-00A0C91BC942}") = "html_decode", "HTML_Decode\HTML_Decode.vcxproj", "{F30BD813-681C-4543-8A65-B10443C6C9EE}"
EndProject
Project("{8BC9CEB8-8B4A-11D0-8D11-00A0C91BC942}") = "html_decode_tests", "html_decode\html_decode_tests\html_decode_tests.vcxproj", "{DEDC12F6-A62E-4F14-A9F2-C510C3D1DD57}"
EndProject
Project("{8BC9CEB8-8B4A-11D0-8D11-00A0C91BC942}") = "mini_dictionary", "mini_dictionary\mini_dictionary.vcxproj", "{E4AD7CD6-EEB7-4D54-87C6-23F90EF283FD}"
EndProject
Project("{8BC9CEB8-8B4A-11D0-8D11-00A0C91BC942}") = "mini_dictionary_test", "mini_dictionary\mini_dictionary_test\mini_dictionary_test.vcxproj", "{3C7B069E-4B6C-4269-8E3F-1B76273E9B80}"
EndProject
Project("{8BC9CEB8-8B4A-11D0-8D11-00A0C91BC942}") = "prime_numbers", "prime_numbers\prime_numbers.vcxproj", "{331EDFD8-1390-4529-BE41-234D02A5F6A5}"
EndProject
Project("{8BC9CEB8-8B4A-11D0-8D11-00A0C91BC942}") = "prime_numbers_test", "prime_numbers_test\prime_numbers_test.vcxproj", "{5DC8083B-7E0E-4CA4-B4EF-C458B0FA5B64}"
EndProject
Project("{8BC9CEB8-8B4A-11D0-8D11-00A0C91BC942}") = "url_parser", "url_parser\url_parser.vcxproj", "{3FC880CE-7C3D-4E6C-B7DF-A161E58F7A31}"
EndProject
Project("{8BC9CEB8-8B4A-11D0-8D11-00A0C91BC942}") = "url_parser_test", "url_parser_test\url_parser_test.vcxproj", "{4461FAEC-850E-4084-8695-BD5BAB8741EC}"
EndProject
Project("{8BC9CEB8-8B4A-11D0-8D11-00A0C91BC942}") = "expand_template", "expand_template\expand_template.vcxproj", "{5A47CF2B-0E90-4324-97D5-DE70DEC9C88E}"
EndProject
Project("{8BC9CEB8-8B4A-11D0-8D11-00A0C91BC942}") = "expand_template_tests", "expand_template_tests\expand_template_tests.vcxproj", "{AB84E63D-B68A-423A-A652-6638BBBBA238}"
EndProject
Global
	GlobalSection(SolutionConfigurationPlatforms) = preSolution
		Debug|x64 = Debug|x64
		Debug|x86 = Debug|x86
		Release|x64 = Release|x64
		Release|x86 = Release|x86
	EndGlobalSection
	GlobalSection(ProjectConfigurationPlatforms) = postSolution
		{A55DC8C7-4F21-44F1-AE59-CA83ED40B0E1}.Debug|x64.ActiveCfg = Debug|x64
		{A55DC8C7-4F21-44F1-AE59-CA83ED40B0E1}.Debug|x64.Build.0 = Debug|x64
		{A55DC8C7-4F21-44F1-AE59-CA83ED40B0E1}.Debug|x86.ActiveCfg = Debug|Win32
		{A55DC8C7-4F21-44F1-AE59-CA83ED40B0E1}.Debug|x86.Build.0 = Debug|Win32
		{A55DC8C7-4F21-44F1-AE59-CA83ED40B0E1}.Release|x64.ActiveCfg = Release|x64
		{A55DC8C7-4F21-44F1-AE59-CA83ED40B0E1}.Release|x64.Build.0 = Release|x64
		{A55DC8C7-4F21-44F1-AE59-CA83ED40B0E1}.Release|x86.ActiveCfg = Release|Win32
		{A55DC8C7-4F21-44F1-AE59-CA83ED40B0E1}.Release|x86.Build.0 = Release|Win32
		{76E9047E-1C28-4D20-9784-224830709F02}.Debug|x64.ActiveCfg = Debug|x64
		{76E9047E-1C28-4D20-9784-224830709F02}.Debug|x64.Build.0 = Debug|x64
		{76E9047E-1C28-4D20-9784-224830709F02}.Debug|x86.ActiveCfg = Debug|Win32
		{76E9047E-1C28-4D20-9784-224830709F02}.Debug|x86.Build.0 = Debug|Win32
		{76E9047E-1C28-4D20-9784-224830709F02}.Release|x64.ActiveCfg = Release|x64
		{76E9047E-1C28-4D20-9784-224830709F02}.Release|x64.Build.0 = Release|x64
		{76E9047E-1C28-4D20-9784-224830709F02}.Release|x86.ActiveCfg = Release|Win32
		{76E9047E-1C28-4D20-9784-224830709F02}.Release|x86.Build.0 = Release|Win32
		{F30BD813-681C-4543-8A65-B10443C6C9EE}.Debug|x64.ActiveCfg = Debug|x64
		{F30BD813-681C-4543-8A65-B10443C6C9EE}.Debug|x64.Build.0 = Debug|x64
		{F30BD813-681C-4543-8A65-B10443C6C9EE}.Debug|x86.ActiveCfg = Debug|Win32
		{F30BD813-681C-4543-8A65-B10443C6C9EE}.Debug|x86.Build.0 = Debug|Win32
		{F30BD813-681C-4543-8A65-B10443C6C9EE}.Release|x64.ActiveCfg = Release|x64
		{F30BD813-681C-4543-8A65-B10443C6C9EE}.Release|x64.Build.0 = Release|x64
		{F30BD813-681C-4543-8A65-B10443C6C9EE}.Release|x86.ActiveCfg = Release|Win32
		{F30BD813-681C-4543-8A65-B10443C6C9EE}.Release|x86.Build.0 = Release|Win32
		{DEDC12F6-A62E-4F14-A9F2-C510C3D1DD57}.Debug|x64.ActiveCfg = Debug|x64
		{DEDC12F6-A62E-4F14-A9F2-C510C3D1DD57}.Debug|x64.Build.0 = Debug|x64
		{DEDC12F6-A62E-4F14-A9F2-C510C3D1DD57}.Debug|x86.ActiveCfg = Debug|Win32
		{DEDC12F6-A62E-4F14-A9F2-C510C3D1DD57}.Debug|x86.Build.0 = Debug|Win32
		{DEDC12F6-A62E-4F14-A9F2-C510C3D1DD57}.Release|x64.ActiveCfg = Release|x64
		{DEDC12F6-A62E-4F14-A9F2-C510C3D1DD57}.Release|x64.Build.0 = Release|x64
		{DEDC12F6-A62E-4F14-A9F2-C510C3D1DD57}.Release|x86.ActiveCfg = Release|Win32
		{DEDC12F6-A62E-4F14-A9F2-C510C3D1DD57}.Release|x86.Build.0 = Release|Win32
		{E4AD7CD6-EEB7-4D54-87C6-23F90EF283FD}.Debug|x64.ActiveCfg = Debug|x64
		{E4AD7CD6-EEB7-4D54-87C6-23F90EF283FD}.Debug|x64.Build.0 = Debug|x64
		{E4AD7CD6-EEB7-4D54-87C6-23F90EF283FD}.Debug|x86.ActiveCfg = Debug|Win32
		{E4AD7CD6-EEB7-4D54-87C6-23F90EF283FD}.Debug|x86.Build.0 = Debug|Win32
		{E4AD7CD6-EEB7-4D54-87C6-23F90EF283FD}.Release|x64.ActiveCfg = Release|x64
		{E4AD7CD6-EEB7-4D54-87C6-23F90EF283FD}.Release|x64.Build.0 = Release|x64
		{E4AD7CD6-EEB7-4D54-87C6-23F90EF283FD}.Release|x86.ActiveCfg = Release|Win32
		{E4AD7CD6-EEB7-4D54-87C6-23F90EF283FD}.Release|x86.Build.0 = Release|Win32
		{3C7B069E-4B6C-4269-8E3F-1B76273E9B80}.Debug|x64.ActiveCfg = Debug|x64
		{3C7B069E-4B6C-4269-8E3F-1B76273E9B80}.Debug|x64.Build.0 = Debug|x64
		{3C7B069E-4B6C-4269-8E3F-1B76273E9B80}.Debug|x86.ActiveCfg = Debug|Win32
		{3C7B069E-4B6C-4269-8E3F-1B76273E9B80}.Debug|x86.Build.0 = Debug|Win32
		{3C7B069E-4B6C-4269-8E3F-1B76273E9B80}.Release|x64.ActiveCfg = Release|x64
		{3C7B069E-4B6C-4269-8E3F-1B76273E9B80}.Release|x64.Build.0 = Release|x64
		{3C7B069E-4B6C-4269-8E3F-1B76273E9B80}.Release|x86.ActiveCfg = Release|Win32
		{3C7B069E-4B6C-4269-8E3F-1B76273E9B80}.Release|x86.Build.0 = Release|Win32
		{331EDFD8-1390-4529-BE41-234D02A5F6A5}.Debug|x64.ActiveCfg = Debug|x64
		{331EDFD8-1390-4529-BE41-234D02A5F6A5}.Debug|x64.Build.0 = Debug|x64
		{331EDFD8-1390-4529-BE41-234D02A5F6A5}.Debug|x86.ActiveCfg = Debug|Win32
		{331EDFD8-1390-4529-BE41-234D02A5F6A5}.Debug|x86.Build.0 = Debug|Win32
		{331EDFD8-1390-4529-BE41-234D02A5F6A5}.Release|x64.ActiveCfg = Release|x64
		{331EDFD8-1390-4529-BE41-234D02A5F6A5}.Release|x64.Build.0 = Release|x64
		{331EDFD8-1390-4529-BE41-234D02A5F6A5}.Release|x86.ActiveCfg = Release|Win32
		{331EDFD8-1390-4529-BE41-234D02A5F6A5}.Release|x86.Build.0 = Release|Win32
		{5DC8083B-7E0E-4CA4-B4EF-C458B0FA5B64}.Debug|x64.ActiveCfg = Debug|x64
		{5DC8083B-7E0E-4CA4-B4EF-C458B0FA5B64}.Debug|x64.Build.0 = Debug|x64
		{5DC8083B-7E0E-4CA4-B4EF-C458B0FA5B64}.Debug|x86.ActiveCfg = Debug|Win32
		{5DC8083B-7E0E-4CA4-B4EF-C458B0FA5B64}.Debug|x86.Build.0 = Debug|Win32
		{5DC8083B-7E0E-4CA4-B4EF-C458B0FA5B64}.Release|x64.ActiveCfg = Release|x64
		{5DC8083B-7E0E-4CA4-B4EF-C458B0FA5B64}.Release|x64.Build.0 = Release|x64
		{5DC8083B-7E0E-4CA4-B4EF-C458B0FA5B64}.Release|x86.ActiveCfg = Release|Win32
		{5DC8083B-7E0E-4CA4-B4EF-C458B0FA5B64}.Release|x86.Build.0 = Release|Win32
		{3FC880CE-7C3D-4E6C-B7DF-A161E58F7A31}.Debug|x64.ActiveCfg = Debug|x64
		{3FC880CE-7C3D-4E6C-B7DF-A161E58F7A31}.Debug|x64.Build.0 = Debug|x64
		{3FC880CE-7C3D-4E6C-B7DF-A161E58F7A31}.Debug|x86.ActiveCfg = Debug|Win32
		{3FC880CE-7C3D-4E6C-B7DF-A161E58F7A31}.Debug|x86.Build.0 = Debug|Win32
		{3FC880CE-7C3D-4E6C-B7DF-A161E58F7A31}.Release|x64.ActiveCfg = Release|x64
		{3FC880CE-7C3D-4E6C-B7DF-A161E58F7A31}.Release|x64.Build.0 = Release|x64
		{3FC880CE-7C3D-4E6C-B7DF-A161E58F7A31}.Release|x86.ActiveCfg = Release|Win32
		{3FC880CE-7C3D-4E6C-B7DF-A161E58F7A31}.Release|x86.Build.0 = Release|Win32
		{4461FAEC-850E-4084-8695-BD5BAB8741EC}.Debug|x64.ActiveCfg = Debug|x64
		{4461FAEC-850E-4084-8695-BD5BAB8741EC}.Debug|x64.Build.0 = Debug|x64
		{4461FAEC-850E-4084-8695-BD5BAB8741EC}.Debug|x86.ActiveCfg = Debug|Win32
		{4461FAEC-850E-4084-8695-BD5BAB8741EC}.Debug|x86.Build.0 = Debug|Win32
		{4461FAEC-850E-4084-8695-BD5BAB8741EC}.Release|x64.ActiveCfg = Release|x64
		{4461FAEC-850E-4084-8695-BD5BAB8741EC}.Release|x64.Build.0 = Release|x64
		{4461FAEC-850E-4084-8695-BD5BAB8741EC}.Release|x86.ActiveCfg = Release|Win32
		{4461FAEC-850E-4084-8695-BD5BAB8741EC}.Release|x86.Build.0 = Release|Win32
		{5A47CF2B-0E90-4324-97D5-DE70DEC9C88E}.Debug|x64.ActiveCfg = Debug|x64
		{5A47CF2B-0E90-4324-97D5-DE70DEC9C88E}.Debug|x64.Build.0 = Debug|x64
		{5A47CF2B-0E90-4324-97D5-DE70DEC9C88E}.Debug|x86.ActiveCfg = Debug|Win32
		{5A47CF2B-0E90-4324-97D5-DE70DEC9C88E}.Debug|x86.Build.0 = Debug|Win32
		{5A47CF2B-0E90-4324-97D5-DE70DEC9C88E}.Release|x64.ActiveCfg = Release|x64
		{5A47CF2B-0E90-4324-97D5-DE70DEC9C88E}.Release|x64.Build.0 = Release|x64
		{5A47CF2B-0E90-4324-97D5-DE70DEC9C88E}.Release|x86.ActiveCfg = Release|Win32
		{5A47CF2B-0E90-4324-97D5-DE70DEC9C88E}.Release|x86.Build.0 = Release|Win32
		{AB84E63D-B68A-423A-A652-6638BBBBA238}.Debug|x64.ActiveCfg = Debug|x64
		{AB84E63D-B68A-423A-A652-6638BBBBA238}.Debug|x64.Build.0 = Debug|x64
		{AB84E63D-B68A-423A-A652-6638BBBBA238}.Debug|x86.ActiveCfg = Debug|Win32
		{AB84E63D-B68A-423A-A652-6638BBBBA238}.Debug|x86.Build.0 = Debug|Win32
		{AB84E63D-B68A-423A-A652-6638BBBBA238}.Release|x64.ActiveCfg = Release|x64
		{AB84E63D-B68A-423A-A652-6638BBBBA238}.Release|x64.Build.0 = Release|x64
		{AB84E63D-B68A-423A-A652-6638BBBBA238}.Release|x86.ActiveCfg = Release|Win32
		{AB84E63D-B68A-423A-A652-6638BBBBA238}.Release|x86.Build.0 = Release|Win32
	EndGlobalSection
	GlobalSection(SolutionProperties) = preSolution
		HideSolutionNode = FALSE
	EndGlobalSection
	GlobalSection(ExtensibilityGlobals) = postSolution
		SolutionGuid = {3BB88975-6B3A-4040-A2BC-E713795C8DE8}
	EndGlobalSection
EndGlobal
