
Microsoft Visual Studio Solution File, Format Version 12.00
# Visual Studio Version 17
VisualStudioVersion = 17.4.33110.190
MinimumVisualStudioVersion = 10.0.40219.1
Project("{8BC9CEB8-8B4A-11D0-8D11-00A0C91BC942}") = "HTTP_URL", "HTTP URL\HTTP URL.vcxproj", "{26EA1C21-80A2-4915-BD41-41D45EE3246A}"
EndProject
Project("{8BC9CEB8-8B4A-11D0-8D11-00A0C91BC942}") = "HTTP_URL_TESTS", "HTTP URL TESTS\HTTP URL TESTS.vcxproj", "{BEF5AD24-011D-4062-AD36-59C24BE4B610}"
EndProject
Project("{8BC9CEB8-8B4A-11D0-8D11-00A0C91BC942}") = "CStringStack", "CStringStack\CStringStack.vcxproj", "{08291009-70C7-47BB-A5CD-C75132259FA6}"
EndProject
Project("{8BC9CEB8-8B4A-11D0-8D11-00A0C91BC942}") = "CStringStackTests", "CStringStackTests\CStringStackTests.vcxproj", "{B403AB78-EA9C-4183-892C-7214DF34E6EA}"
EndProject
Global
	GlobalSection(SolutionConfigurationPlatforms) = preSolution
		Debug|x64 = Debug|x64
		Debug|x86 = Debug|x86
		Release|x64 = Release|x64
		Release|x86 = Release|x86
	EndGlobalSection
	GlobalSection(ProjectConfigurationPlatforms) = postSolution
		{26EA1C21-80A2-4915-BD41-41D45EE3246A}.Debug|x64.ActiveCfg = Debug|x64
		{26EA1C21-80A2-4915-BD41-41D45EE3246A}.Debug|x64.Build.0 = Debug|x64
		{26EA1C21-80A2-4915-BD41-41D45EE3246A}.Debug|x86.ActiveCfg = Debug|Win32
		{26EA1C21-80A2-4915-BD41-41D45EE3246A}.Debug|x86.Build.0 = Debug|Win32
		{26EA1C21-80A2-4915-BD41-41D45EE3246A}.Release|x64.ActiveCfg = Release|x64
		{26EA1C21-80A2-4915-BD41-41D45EE3246A}.Release|x64.Build.0 = Release|x64
		{26EA1C21-80A2-4915-BD41-41D45EE3246A}.Release|x86.ActiveCfg = Release|Win32
		{26EA1C21-80A2-4915-BD41-41D45EE3246A}.Release|x86.Build.0 = Release|Win32
		{BEF5AD24-011D-4062-AD36-59C24BE4B610}.Debug|x64.ActiveCfg = Debug|x64
		{BEF5AD24-011D-4062-AD36-59C24BE4B610}.Debug|x64.Build.0 = Debug|x64
		{BEF5AD24-011D-4062-AD36-59C24BE4B610}.Debug|x86.ActiveCfg = Debug|Win32
		{BEF5AD24-011D-4062-AD36-59C24BE4B610}.Debug|x86.Build.0 = Debug|Win32
		{BEF5AD24-011D-4062-AD36-59C24BE4B610}.Release|x64.ActiveCfg = Release|x64
		{BEF5AD24-011D-4062-AD36-59C24BE4B610}.Release|x64.Build.0 = Release|x64
		{BEF5AD24-011D-4062-AD36-59C24BE4B610}.Release|x86.ActiveCfg = Release|Win32
		{BEF5AD24-011D-4062-AD36-59C24BE4B610}.Release|x86.Build.0 = Release|Win32
		{08291009-70C7-47BB-A5CD-C75132259FA6}.Debug|x64.ActiveCfg = Debug|x64
		{08291009-70C7-47BB-A5CD-C75132259FA6}.Debug|x64.Build.0 = Debug|x64
		{08291009-70C7-47BB-A5CD-C75132259FA6}.Debug|x86.ActiveCfg = Debug|Win32
		{08291009-70C7-47BB-A5CD-C75132259FA6}.Debug|x86.Build.0 = Debug|Win32
		{08291009-70C7-47BB-A5CD-C75132259FA6}.Release|x64.ActiveCfg = Release|x64
		{08291009-70C7-47BB-A5CD-C75132259FA6}.Release|x64.Build.0 = Release|x64
		{08291009-70C7-47BB-A5CD-C75132259FA6}.Release|x86.ActiveCfg = Release|Win32
		{08291009-70C7-47BB-A5CD-C75132259FA6}.Release|x86.Build.0 = Release|Win32
		{B403AB78-EA9C-4183-892C-7214DF34E6EA}.Debug|x64.ActiveCfg = Debug|x64
		{B403AB78-EA9C-4183-892C-7214DF34E6EA}.Debug|x64.Build.0 = Debug|x64
		{B403AB78-EA9C-4183-892C-7214DF34E6EA}.Debug|x86.ActiveCfg = Debug|Win32
		{B403AB78-EA9C-4183-892C-7214DF34E6EA}.Debug|x86.Build.0 = Debug|Win32
		{B403AB78-EA9C-4183-892C-7214DF34E6EA}.Release|x64.ActiveCfg = Release|x64
		{B403AB78-EA9C-4183-892C-7214DF34E6EA}.Release|x64.Build.0 = Release|x64
		{B403AB78-EA9C-4183-892C-7214DF34E6EA}.Release|x86.ActiveCfg = Release|Win32
		{B403AB78-EA9C-4183-892C-7214DF34E6EA}.Release|x86.Build.0 = Release|Win32
	EndGlobalSection
	GlobalSection(SolutionProperties) = preSolution
		HideSolutionNode = FALSE
	EndGlobalSection
	GlobalSection(ExtensibilityGlobals) = postSolution
		SolutionGuid = {5087B78D-2B1E-4DC9-B149-288867B165AF}
	EndGlobalSection
EndGlobal
