
Microsoft Visual Studio Solution File, Format Version 12.00
# Visual Studio Version 17
VisualStudioVersion = 17.4.33110.190
MinimumVisualStudioVersion = 10.0.40219.1
Project("{8BC9CEB8-8B4A-11D0-8D11-00A0C91BC942}") = "FindMaxEx", "FindMaxEx\FindMaxEx.vcxproj", "{A0F697A9-0F31-4C83-B5CC-E61D50612025}"
EndProject
Project("{8BC9CEB8-8B4A-11D0-8D11-00A0C91BC942}") = "FindMaxExTests", "FindMaxExTests\FindMaxExTests.vcxproj", "{69DBF000-F286-4730-B323-3845AD447BB1}"
EndProject
Project("{8BC9CEB8-8B4A-11D0-8D11-00A0C91BC942}") = "CMyStack", "CMyStack\CMyStack.vcxproj", "{260D41FE-EA44-4B5B-85C4-B731649A7713}"
EndProject
Project("{8BC9CEB8-8B4A-11D0-8D11-00A0C91BC942}") = "CMyStackTests", "CMyStackTests\CMyStackTests.vcxproj", "{F384344D-35A8-4B39-8FE8-63E21AC98BC3}"
EndProject
Project("{8BC9CEB8-8B4A-11D0-8D11-00A0C91BC942}") = "People", "People\People.vcxproj", "{3EC678B9-C6DF-4C05-AC0D-D8D988708E5E}"
EndProject
Project("{8BC9CEB8-8B4A-11D0-8D11-00A0C91BC942}") = "PeopleTests", "PeopleTests\PeopleTests.vcxproj", "{729D4A27-5FB4-42A4-AD14-9A11B4BE2455}"
EndProject
Global
	GlobalSection(SolutionConfigurationPlatforms) = preSolution
		Debug|x64 = Debug|x64
		Debug|x86 = Debug|x86
		Release|x64 = Release|x64
		Release|x86 = Release|x86
	EndGlobalSection
	GlobalSection(ProjectConfigurationPlatforms) = postSolution
		{A0F697A9-0F31-4C83-B5CC-E61D50612025}.Debug|x64.ActiveCfg = Debug|x64
		{A0F697A9-0F31-4C83-B5CC-E61D50612025}.Debug|x64.Build.0 = Debug|x64
		{A0F697A9-0F31-4C83-B5CC-E61D50612025}.Debug|x86.ActiveCfg = Debug|Win32
		{A0F697A9-0F31-4C83-B5CC-E61D50612025}.Debug|x86.Build.0 = Debug|Win32
		{A0F697A9-0F31-4C83-B5CC-E61D50612025}.Release|x64.ActiveCfg = Release|x64
		{A0F697A9-0F31-4C83-B5CC-E61D50612025}.Release|x64.Build.0 = Release|x64
		{A0F697A9-0F31-4C83-B5CC-E61D50612025}.Release|x86.ActiveCfg = Release|Win32
		{A0F697A9-0F31-4C83-B5CC-E61D50612025}.Release|x86.Build.0 = Release|Win32
		{69DBF000-F286-4730-B323-3845AD447BB1}.Debug|x64.ActiveCfg = Debug|x64
		{69DBF000-F286-4730-B323-3845AD447BB1}.Debug|x64.Build.0 = Debug|x64
		{69DBF000-F286-4730-B323-3845AD447BB1}.Debug|x86.ActiveCfg = Debug|Win32
		{69DBF000-F286-4730-B323-3845AD447BB1}.Debug|x86.Build.0 = Debug|Win32
		{69DBF000-F286-4730-B323-3845AD447BB1}.Release|x64.ActiveCfg = Release|x64
		{69DBF000-F286-4730-B323-3845AD447BB1}.Release|x64.Build.0 = Release|x64
		{69DBF000-F286-4730-B323-3845AD447BB1}.Release|x86.ActiveCfg = Release|Win32
		{69DBF000-F286-4730-B323-3845AD447BB1}.Release|x86.Build.0 = Release|Win32
		{260D41FE-EA44-4B5B-85C4-B731649A7713}.Debug|x64.ActiveCfg = Debug|x64
		{260D41FE-EA44-4B5B-85C4-B731649A7713}.Debug|x64.Build.0 = Debug|x64
		{260D41FE-EA44-4B5B-85C4-B731649A7713}.Debug|x86.ActiveCfg = Debug|Win32
		{260D41FE-EA44-4B5B-85C4-B731649A7713}.Debug|x86.Build.0 = Debug|Win32
		{260D41FE-EA44-4B5B-85C4-B731649A7713}.Release|x64.ActiveCfg = Release|x64
		{260D41FE-EA44-4B5B-85C4-B731649A7713}.Release|x64.Build.0 = Release|x64
		{260D41FE-EA44-4B5B-85C4-B731649A7713}.Release|x86.ActiveCfg = Release|Win32
		{260D41FE-EA44-4B5B-85C4-B731649A7713}.Release|x86.Build.0 = Release|Win32
		{F384344D-35A8-4B39-8FE8-63E21AC98BC3}.Debug|x64.ActiveCfg = Debug|x64
		{F384344D-35A8-4B39-8FE8-63E21AC98BC3}.Debug|x64.Build.0 = Debug|x64
		{F384344D-35A8-4B39-8FE8-63E21AC98BC3}.Debug|x86.ActiveCfg = Debug|Win32
		{F384344D-35A8-4B39-8FE8-63E21AC98BC3}.Debug|x86.Build.0 = Debug|Win32
		{F384344D-35A8-4B39-8FE8-63E21AC98BC3}.Release|x64.ActiveCfg = Release|x64
		{F384344D-35A8-4B39-8FE8-63E21AC98BC3}.Release|x64.Build.0 = Release|x64
		{F384344D-35A8-4B39-8FE8-63E21AC98BC3}.Release|x86.ActiveCfg = Release|Win32
		{F384344D-35A8-4B39-8FE8-63E21AC98BC3}.Release|x86.Build.0 = Release|Win32
		{3EC678B9-C6DF-4C05-AC0D-D8D988708E5E}.Debug|x64.ActiveCfg = Debug|x64
		{3EC678B9-C6DF-4C05-AC0D-D8D988708E5E}.Debug|x64.Build.0 = Debug|x64
		{3EC678B9-C6DF-4C05-AC0D-D8D988708E5E}.Debug|x86.ActiveCfg = Debug|Win32
		{3EC678B9-C6DF-4C05-AC0D-D8D988708E5E}.Debug|x86.Build.0 = Debug|Win32
		{3EC678B9-C6DF-4C05-AC0D-D8D988708E5E}.Release|x64.ActiveCfg = Release|x64
		{3EC678B9-C6DF-4C05-AC0D-D8D988708E5E}.Release|x64.Build.0 = Release|x64
		{3EC678B9-C6DF-4C05-AC0D-D8D988708E5E}.Release|x86.ActiveCfg = Release|Win32
		{3EC678B9-C6DF-4C05-AC0D-D8D988708E5E}.Release|x86.Build.0 = Release|Win32
		{729D4A27-5FB4-42A4-AD14-9A11B4BE2455}.Debug|x64.ActiveCfg = Debug|x64
		{729D4A27-5FB4-42A4-AD14-9A11B4BE2455}.Debug|x64.Build.0 = Debug|x64
		{729D4A27-5FB4-42A4-AD14-9A11B4BE2455}.Debug|x86.ActiveCfg = Debug|Win32
		{729D4A27-5FB4-42A4-AD14-9A11B4BE2455}.Debug|x86.Build.0 = Debug|Win32
		{729D4A27-5FB4-42A4-AD14-9A11B4BE2455}.Release|x64.ActiveCfg = Release|x64
		{729D4A27-5FB4-42A4-AD14-9A11B4BE2455}.Release|x64.Build.0 = Release|x64
		{729D4A27-5FB4-42A4-AD14-9A11B4BE2455}.Release|x86.ActiveCfg = Release|Win32
		{729D4A27-5FB4-42A4-AD14-9A11B4BE2455}.Release|x86.Build.0 = Release|Win32
	EndGlobalSection
	GlobalSection(SolutionProperties) = preSolution
		HideSolutionNode = FALSE
	EndGlobalSection
	GlobalSection(ExtensibilityGlobals) = postSolution
		SolutionGuid = {BB483998-47A9-4878-8793-31EF4478C21E}
	EndGlobalSection
EndGlobal
